
Microsoft Visual Studio Solution File, Format Version 12.00
# Visual Studio Version 16
VisualStudioVersion = 16.0.33027.164
MinimumVisualStudioVersion = 10.0.40219.1
Project("{FAE04EC0-301F-11D3-BF4B-00C04F79EFBC}") = "appControlRiego", "appControlRiego\appControlRiego.csproj", "{32032CD6-6B42-42B1-93E2-2A06545F0025}"
EndProject
Global
	GlobalSection(SolutionConfigurationPlatforms) = preSolution
		Debug|Any CPU = Debug|Any CPU
		Release|Any CPU = Release|Any CPU
	EndGlobalSection
	GlobalSection(ProjectConfigurationPlatforms) = postSolution
		{32032CD6-6B42-42B1-93E2-2A06545F0025}.Debug|Any CPU.ActiveCfg = Debug|Any CPU
		{32032CD6-6B42-42B1-93E2-2A06545F0025}.Debug|Any CPU.Build.0 = Debug|Any CPU
		{32032CD6-6B42-42B1-93E2-2A06545F0025}.Release|Any CPU.ActiveCfg = Release|Any CPU
		{32032CD6-6B42-42B1-93E2-2A06545F0025}.Release|Any CPU.Build.0 = Release|Any CPU
	EndGlobalSection
	GlobalSection(SolutionProperties) = preSolution
		HideSolutionNode = FALSE
	EndGlobalSection
	GlobalSection(ExtensibilityGlobals) = postSolution
		SolutionGuid = {59EEBD61-3CAA-4E47-92C2-5669DBB1E0E4}
	EndGlobalSection
EndGlobal
